Microsoft Visual Studio Solution File, Format Version 12.00
# Visual Studio 15
Project("{8BC9CEB8-8B4A-11D0-8D11-00A0C91BC942}") = "ALL_BUILD", "ALL_BUILD.vcxproj", "{A5B35C76-B959-3B0E-B51D-3067ED87327D}"
	ProjectSection(ProjectDependencies) = postProject
		{919F0B27-3F74-3A78-902A-0FA9584B4B0D} = {919F0B27-3F74-3A78-902A-0FA9584B4B0D}
		{E30DA539-9E94-30ED-A7D4-727B5F0AF407} = {E30DA539-9E94-30ED-A7D4-727B5F0AF407}
	EndProjectSection
EndProject
Project("{8BC9CEB8-8B4A-11D0-8D11-00A0C91BC942}") = "BoostParts", "BoostParts.vcxproj", "{919F0B27-3F74-3A78-902A-0FA9584B4B0D}"
	ProjectSection(ProjectDependencies) = postProject
		{E30DA539-9E94-30ED-A7D4-727B5F0AF407} = {E30DA539-9E94-30ED-A7D4-727B5F0AF407}
	EndProjectSection
EndProject
Project("{8BC9CEB8-8B4A-11D0-8D11-00A0C91BC942}") = "ZERO_CHECK", "..\\ZERO_CHECK.vcxproj", "{E30DA539-9E94-30ED-A7D4-727B5F0AF407}"
	ProjectSection(ProjectDependencies) = postProject
	EndProjectSection
EndProject
Global
	GlobalSection(SolutionConfigurationPlatforms) = preSolution
		Debug|x64 = Debug|x64
		Release|x64 = Release|x64
		MinSizeRel|x64 = MinSizeRel|x64
		RelWithDebInfo|x64 = RelWithDebInfo|x64
	EndGlobalSection
	GlobalSection(ProjectConfigurationPlatforms) = postSolution
		{A5B35C76-B959-3B0E-B51D-3067ED87327D}.Debug|x64.ActiveCfg = Debug|x64
		{A5B35C76-B959-3B0E-B51D-3067ED87327D}.Release|x64.ActiveCfg = Release|x64
		{A5B35C76-B959-3B0E-B51D-3067ED87327D}.MinSizeRel|x64.ActiveCfg = MinSizeRel|x64
		{A5B35C76-B959-3B0E-B51D-3067ED87327D}.RelWithDebInfo|x64.ActiveCfg = RelWithDebInfo|x64
		{919F0B27-3F74-3A78-902A-0FA9584B4B0D}.Debug|x64.ActiveCfg = Debug|x64
		{919F0B27-3F74-3A78-902A-0FA9584B4B0D}.Debug|x64.Build.0 = Debug|x64
		{919F0B27-3F74-3A78-902A-0FA9584B4B0D}.Release|x64.ActiveCfg = Release|x64
		{919F0B27-3F74-3A78-902A-0FA9584B4B0D}.Release|x64.Build.0 = Release|x64
		{919F0B27-3F74-3A78-902A-0FA9584B4B0D}.MinSizeRel|x64.ActiveCfg = MinSizeRel|x64
		{919F0B27-3F74-3A78-902A-0FA9584B4B0D}.MinSizeRel|x64.Build.0 = MinSizeRel|x64
		{919F0B27-3F74-3A78-902A-0FA9584B4B0D}.RelWithDebInfo|x64.ActiveCfg = RelWithDebInfo|x64
		{919F0B27-3F74-3A78-902A-0FA9584B4B0D}.RelWithDebInfo|x64.Build.0 = RelWithDebInfo|x64
		{E30DA539-9E94-30ED-A7D4-727B5F0AF407}.Debug|x64.ActiveCfg = Debug|x64
		{E30DA539-9E94-30ED-A7D4-727B5F0AF407}.Debug|x64.Build.0 = Debug|x64
		{E30DA539-9E94-30ED-A7D4-727B5F0AF407}.Release|x64.ActiveCfg = Release|x64
		{E30DA539-9E94-30ED-A7D4-727B5F0AF407}.Release|x64.Build.0 = Release|x64
		{E30DA539-9E94-30ED-A7D4-727B5F0AF407}.MinSizeRel|x64.ActiveCfg = MinSizeRel|x64
		{E30DA539-9E94-30ED-A7D4-727B5F0AF407}.MinSizeRel|x64.Build.0 = MinSizeRel|x64
		{E30DA539-9E94-30ED-A7D4-727B5F0AF407}.RelWithDebInfo|x64.ActiveCfg = RelWithDebInfo|x64
		{E30DA539-9E94-30ED-A7D4-727B5F0AF407}.RelWithDebInfo|x64.Build.0 = RelWithDebInfo|x64
	EndGlobalSection
	GlobalSection(ExtensibilityGlobals) = postSolution
		SolutionGuid = {D0A91EB5-F5D8-374C-9CF4-BCFE65658B1F}
	EndGlobalSection
	GlobalSection(ExtensibilityAddIns) = postSolution
	EndGlobalSection
EndGlobal
